
Microsoft Visual Studio Solution File, Format Version 12.00
# Visual Studio Version 16
VisualStudioVersion = 16.0.33529.622
MinimumVisualStudioVersion = 10.0.40219.1
Project("{FAE04EC0-301F-11D3-BF4B-00C04F79EFBC}") = "TcUnit.TestAdapter", "src\TcUnit.TestAdapter\TcUnit.TestAdapter.csproj", "{1A5B9CB4-C183-48D2-87AF-DC6857C294DB}"
EndProject
Project("{FAE04EC0-301F-11D3-BF4B-00C04F79EFBC}") = "TcUnit.Core", "src\TcUnit.Core\TcUnit.Core.csproj", "{FB3C727E-0BC2-4EC7-BBD4-69CCB0EB896B}"
EndProject
Global
	GlobalSection(SolutionConfigurationPlatforms) = preSolution
		Debug|Any CPU = Debug|Any CPU
		Release|Any CPU = Release|Any CPU
	EndGlobalSection
	GlobalSection(ProjectConfigurationPlatforms) = postSolution
		{1A5B9CB4-C183-48D2-87AF-DC6857C294DB}.Debug|Any CPU.ActiveCfg = Debug|Any CPU
		{1A5B9CB4-C183-48D2-87AF-DC6857C294DB}.Debug|Any CPU.Build.0 = Debug|Any CPU
		{1A5B9CB4-C183-48D2-87AF-DC6857C294DB}.Release|Any CPU.ActiveCfg = Release|Any CPU
		{1A5B9CB4-C183-48D2-87AF-DC6857C294DB}.Release|Any CPU.Build.0 = Release|Any CPU
		{FB3C727E-0BC2-4EC7-BBD4-69CCB0EB896B}.Debug|Any CPU.ActiveCfg = Debug|Any CPU
		{FB3C727E-0BC2-4EC7-BBD4-69CCB0EB896B}.Debug|Any CPU.Build.0 = Debug|Any CPU
		{FB3C727E-0BC2-4EC7-BBD4-69CCB0EB896B}.Release|Any CPU.ActiveCfg = Release|Any CPU
		{FB3C727E-0BC2-4EC7-BBD4-69CCB0EB896B}.Release|Any CPU.Build.0 = Release|Any CPU
	EndGlobalSection
	GlobalSection(SolutionProperties) = preSolution
		HideSolutionNode = FALSE
	EndGlobalSection
	GlobalSection(ExtensibilityGlobals) = postSolution
		SolutionGuid = {10B96066-2839-45D4-9D3F-96EFA47562C8}
	EndGlobalSection
EndGlobal
